
Microsoft Visual Studio Solution File, Format Version 12.00
# Visual Studio 15
Project("{FAE04EC0-301F-11D3-BF4B-00C04F79EFBC}") = "nk_console_app_classes", "nk_console_app_classes\nk_console_app_classes.csproj", "{5EC45371-41F9-44CF-BADF-69DAB71AD3CE}"
EndProject
Global
	GlobalSection(SolutionConfigurationPlatforms) = preSolution
		Debug|anycpu = Debug|anycpu
		Release|anycpu = Release|anycpu
	EndGlobalSection
	GlobalSection(ProjectConfigurationPlatforms) = postSolution
		{5EC45371-41F9-44CF-BADF-69DAB71AD3CE}.Debug|anycpu.ActiveCfg = Debug|anycpu
		{5EC45371-41F9-44CF-BADF-69DAB71AD3CE}.Debug|anycpu.Build.0 = Debug|anycpu
		{5EC45371-41F9-44CF-BADF-69DAB71AD3CE}.Release|anycpu.ActiveCfg = Release|anycpu
		{5EC45371-41F9-44CF-BADF-69DAB71AD3CE}.Release|anycpu.Build.0 = Release|anycpu
	EndGlobalSection
EndGlobal
